{
  "object": {
    "pins": [
      {
        "package": "SwiftImageReadWrite",
        "repositoryURL": "https://github.com/dagronf/SwiftImageReadWrite",
        "state": {
          "branch": null,
          "revision": "36df10a2a5fc06978414bb45eba8ffbc32a718d9",
          "version": "1.1.4"
        }
      }
    ]
  },
  "version": 1
}
